<?xml version="1.0" encoding="utf-8"?>
<Project ToolsVersion="4.0" xmlns="http://schemas.microsoft.com/developer/msbuild/2003">
  <ItemGroup>
    <Filter Include="win32">
      <UniqueIdentifier>{84a8ebd7-7cf0-47f6-b75e-d441df67da40}</UniqueIdentifier>
    </Filter>
    <Filter Include="resource">
      <UniqueIdentifier>{715254bc-d70b-4ec5-bf29-467dd3ace079}</UniqueIdentifier>
    </Filter>
    <Filter Include="src">
      <UniqueIdentifier>{bb6c862e-70e9-49d9-81b7-3829a6f50471}</UniqueIdentifier>
    </Filter>
    <Filter Include="src\Objects">
      <UniqueIdentifier>{f013ec60-064a-4344-9f4a-4d6a0468499d}</UniqueIdentifier>
    </Filter>
    <Filter Include="src\Scene">
      <UniqueIdentifier>{18456170-81ae-46c0-8e32-3a6c84038616}</UniqueIdentifier>
    </Filter>
    <Filter Include="src\Handlers">
      <UniqueIdentifier>{ca773582-90db-4aae-9c6d-b60e1e71062a}</UniqueIdentifier>
    </Filter>
    <Filter Include="src\Objects\Character">
      <UniqueIdentifier>{8704f661-f157-4113-9789-c01ceda393b1}</UniqueIdentifier>
    </Filter>
    <Filter Include="src\Objects\Items">
      <UniqueIdentifier>{5c464066-570b-4c99-92a9-61de663c0589}</UniqueIdentifier>
    </Filter>
  </ItemGroup>
  <ItemGroup>
    <ClCompile Include="main.cpp">
      <Filter>win32</Filter>
    </ClCompile>
    <ClCompile Include="..\Classes\Entity.cpp">
      <Filter>src\Objects</Filter>
    </ClCompile>
    <ClCompile Include="..\Classes\GameCamera.cpp">
      <Filter>src\Scene</Filter>
    </ClCompile>
    <ClCompile Include="..\Classes\GameLayer.cpp">
      <Filter>src\Scene</Filter>
    </ClCompile>
    <ClCompile Include="..\Classes\GameScene.cpp">
      <Filter>src\Scene</Filter>
    </ClCompile>
    <ClCompile Include="..\Classes\GameUILayer.cpp">
      <Filter>src\Scene</Filter>
    </ClCompile>
    <ClCompile Include="..\Classes\AppDelegate.cpp">
      <Filter>src\Handlers</Filter>
    </ClCompile>
    <ClCompile Include="..\Classes\DisplayHandler.cpp">
      <Filter>src\Handlers</Filter>
    </ClCompile>
    <ClCompile Include="..\Classes\InputHandler.cpp">
      <Filter>src\Handlers</Filter>
    </ClCompile>
    <ClCompile Include="..\Classes\Character.cpp">
      <Filter>src\Objects\Character</Filter>
    </ClCompile>
    <ClCompile Include="..\Classes\CPlayer.cpp">
      <Filter>src\Objects\Character</Filter>
    </ClCompile>
    <ClCompile Include="..\Classes\Item.cpp">
      <Filter>src\Objects\Items</Filter>
    </ClCompile>
    <ClCompile Include="..\Classes\Projectile.cpp">
      <Filter>src\Objects\Items</Filter>
    </ClCompile>
    <ClCompile Include="..\Classes\Weapon.cpp">
      <Filter>src\Objects\Items</Filter>
    </ClCompile>
    <ClCompile Include="..\Classes\SplashScene.cpp">
      <Filter>src\Scene</Filter>
    </ClCompile>
    <ClCompile Include="..\Classes\MainMenu.cpp">
      <Filter>src\Scene</Filter>
    </ClCompile>
    <ClCompile Include="..\Classes\CEnemy.cpp">
      <Filter>src\Objects\Character</Filter>
    </ClCompile>
    <ClCompile Include="..\Classes\GameOverScene.cpp">
      <Filter>src\Scene</Filter>
    </ClCompile>
  </ItemGroup>
  <ItemGroup>
    <ClInclude Include="main.h">
      <Filter>win32</Filter>
    </ClInclude>
    <ClInclude Include="..\Classes\Entity.h">
      <Filter>src\Objects</Filter>
    </ClInclude>
    <ClInclude Include="..\Classes\GameCamera.h">
      <Filter>src\Scene</Filter>
    </ClInclude>
    <ClInclude Include="..\Classes\GameLayer.h">
      <Filter>src\Scene</Filter>
    </ClInclude>
    <ClInclude Include="..\Classes\GameScene.h">
      <Filter>src\Scene</Filter>
    </ClInclude>
    <ClInclude Include="..\Classes\GameUILayer.h">
      <Filter>src\Scene</Filter>
    </ClInclude>
    <ClInclude Include="..\Classes\AppDelegate.h">
      <Filter>src\Handlers</Filter>
    </ClInclude>
    <ClInclude Include="..\Classes\Definitions.h">
      <Filter>src\Handlers</Filter>
    </ClInclude>
    <ClInclude Include="..\Classes\DisplayHandler.h">
      <Filter>src\Handlers</Filter>
    </ClInclude>
    <ClInclude Include="..\Classes\InputHandler.h">
      <Filter>src\Handlers</Filter>
    </ClInclude>
    <ClInclude Include="..\Classes\Character.h">
      <Filter>src\Objects\Character</Filter>
    </ClInclude>
    <ClInclude Include="..\Classes\CPlayer.h">
      <Filter>src\Objects\Character</Filter>
    </ClInclude>
    <ClInclude Include="..\Classes\Weapon.h">
      <Filter>src\Objects\Items</Filter>
    </ClInclude>
    <ClInclude Include="..\Classes\Item.h">
      <Filter>src\Objects\Items</Filter>
    </ClInclude>
    <ClInclude Include="..\Classes\Projectile.h">
      <Filter>src\Objects\Items</Filter>
    </ClInclude>
    <ClInclude Include="..\Classes\SplashScene.h">
      <Filter>src\Scene</Filter>
    </ClInclude>
    <ClInclude Include="..\Classes\MainMenu.h">
      <Filter>src\Scene</Filter>
    </ClInclude>
    <ClInclude Include="..\Classes\CameraTarget.h">
      <Filter>src\Objects\Character</Filter>
    </ClInclude>
    <ClInclude Include="..\Classes\CEnemy.h">
      <Filter>src\Objects\Character</Filter>
    </ClInclude>
    <ClInclude Include="..\Classes\GameOverScene.h">
      <Filter>src\Scene</Filter>
    </ClInclude>
  </ItemGroup>
  <ItemGroup>
    <ResourceCompile Include="game.rc">
      <Filter>resource</Filter>
    </ResourceCompile>
  </ItemGroup>
</Project>